
Microsoft Visual Studio Solution File, Format Version 12.00
# Visual Studio Version 16
VisualStudioVersion = 16.0.31129.286
MinimumVisualStudioVersion = 10.0.40219.1
Project("{FAE04EC0-301F-11D3-BF4B-00C04F79EFBC}") = "Exam", "Exam\Exam.csproj", "{434DBF39-1393-49A8-BE8F-A942D5AA55CA}"
EndProject
Global
	GlobalSection(SolutionConfigurationPlatforms) = preSolution
		Debug|Any CPU = Debug|Any CPU
		Release|Any CPU = Release|Any CPU
	EndGlobalSection
	GlobalSection(ProjectConfigurationPlatforms) = postSolution
		{434DBF39-1393-49A8-BE8F-A942D5AA55CA}.Debug|Any CPU.ActiveCfg = Debug|Any CPU
		{434DBF39-1393-49A8-BE8F-A942D5AA55CA}.Debug|Any CPU.Build.0 = Debug|Any CPU
		{434DBF39-1393-49A8-BE8F-A942D5AA55CA}.Release|Any CPU.ActiveCfg = Release|Any CPU
		{434DBF39-1393-49A8-BE8F-A942D5AA55CA}.Release|Any CPU.Build.0 = Release|Any CPU
	EndGlobalSection
	GlobalSection(SolutionProperties) = preSolution
		HideSolutionNode = FALSE
	EndGlobalSection
	GlobalSection(ExtensibilityGlobals) = postSolution
		SolutionGuid = {8986FC10-65EF-4F9B-8DC6-2967A27FF72E}
	EndGlobalSection
EndGlobal
